// !$*UTF8*$!
{
	archiveVersion = 1;
	classes = {
	};
	objectVersion = 46;
	objects = {

/* Begin PBXBuildFile section */
		0D5DACEF1A0E9070005CE879 /* Dropbox.framework in Frameworks */ = {isa = PBXBuildFile; fileRef = 0D5DACEE1A0E9070005CE879 /* Dropbox.framework */; };
		0D5DACF11A0E909D005CE879 /* CFNetwork.framework in Frameworks */ = {isa = PBXBuildFile; fileRef = 0D5DACF01A0E909D005CE879 /* CFNetwork.framework */; };
		0D5DACF31A0E90A2005CE879 /* Security.framework in Frameworks */ = {isa = PBXBuildFile; fileRef = 0D5DACF21A0E90A2005CE879 /* Security.framework */; };
		0D5DACF51A0E90A9005CE879 /* SystemConfiguration.framework in Frameworks */ = {isa = PBXBuildFile; fileRef = 0D5DACF41A0E90A9005CE879 /* SystemConfiguration.framework */; };
		0D5DACF71A0E90AF005CE879 /* QuartzCore.framework in Frameworks */ = {isa = PBXBuildFile; fileRef = 0D5DACF61A0E90AF005CE879 /* QuartzCore.framework */; };
		0D5DACF91A0E90C0005CE879 /* libc++.dylib in Frameworks */ = {isa = PBXBuildFile; fileRef = 0D5DACF81A0E90C0005CE879 /* libc++.dylib */; };
		0D5DACFB1A0E90C9005CE879 /* libz.dylib in Frameworks */ = {isa = PBXBuildFile; fileRef = 0D5DACFA1A0E90C9005CE879 /* libz.dylib */; };
		0D5DACFF1A0E9244005CE879 /* AuthViewController.m in Sources */ = {isa = PBXBuildFile; fileRef = 0D5DACFD1A0E9244005CE879 /* AuthViewController.m */; };
		0D5DAD001A0E9244005CE879 /* AuthViewController.xib in Resources */ = {isa = PBXBuildFile; fileRef = 0D5DACFE1A0E9244005CE879 /* AuthViewController.xib */; };
		0D7412B91A0EB79600A16970 /* ImageCollectionViewCell.m in Sources */ = {isa = PBXBuildFile; fileRef = 0D7412B81A0EB79600A16970 /* ImageCollectionViewCell.m */; };
		0DE859D11A0E8F370065868B /* main.m in Sources */ = {isa = PBXBuildFile; fileRef = 0DE859D01A0E8F370065868B /* main.m */; };
		0DE859D41A0E8F370065868B /* AppDelegate.m in Sources */ = {isa = PBXBuildFile; fileRef = 0DE859D31A0E8F370065868B /* AppDelegate.m */; };
		0DE859D71A0E8F370065868B /* MainViewController.m in Sources */ = {isa = PBXBuildFile; fileRef = 0DE859D61A0E8F370065868B /* MainViewController.m */; };
		0DE859DA1A0E8F370065868B /* Main.storyboard in Resources */ = {isa = PBXBuildFile; fileRef = 0DE859D81A0E8F370065868B /* Main.storyboard */; };
		0DE859DC1A0E8F370065868B /* Images.xcassets in Resources */ = {isa = PBXBuildFile; fileRef = 0DE859DB1A0E8F370065868B /* Images.xcassets */; };
		0DE859DF1A0E8F380065868B /* LaunchScreen.xib in Resources */ = {isa = PBXBuildFile; fileRef = 0DE859DD1A0E8F380065868B /* LaunchScreen.xib */; };
		0DE859EB1A0E8F380065868B /* MobiPicTests.m in Sources */ = {isa = PBXBuildFile; fileRef = 0DE859EA1A0E8F380065868B /* MobiPicTests.m */; };
		A31C32779B84F17535486A22 /* libPods-MobiPic.a in Frameworks */ = {isa = PBXBuildFile; fileRef = A59F5EFA46335B42EB2D10BB /* libPods-MobiPic.a */; };
/* End PBXBuildFile section */

/* Begin PBXContainerItemProxy section */
		0DE859E51A0E8F380065868B /* PBXContainerItemProxy */ = {
			isa = PBXContainerItemProxy;
			containerPortal = 0DE859C31A0E8F370065868B /* Project object */;
			proxyType = 1;
			remoteGlobalIDString = 0DE859CA1A0E8F370065868B;
			remoteInfo = MobiPic;
		};
/* End PBXContainerItemProxy section */

/* Begin PBXFileReference section */
		0D5DACEE1A0E9070005CE879 /* Dropbox.framework */ = {isa = PBXFileReference; lastKnownFileType = wrapper.framework; path = Dropbox.framework; sourceTree = "<group>"; };
		0D5DACF01A0E909D005CE879 /* CFNetwork.framework */ = {isa = PBXFileReference; lastKnownFileType = wrapper.framework; name = CFNetwork.framework; path = System/Library/Frameworks/CFNetwork.framework; sourceTree = SDKROOT; };
		0D5DACF21A0E90A2005CE879 /* Security.framework */ = {isa = PBXFileReference; lastKnownFileType = wrapper.framework; name = Security.framework; path = System/Library/Frameworks/Security.framework; sourceTree = SDKROOT; };
		0D5DACF41A0E90A9005CE879 /* SystemConfiguration.framework */ = {isa = PBXFileReference; lastKnownFileType = wrapper.framework; name = SystemConfiguration.framework; path = System/Library/Frameworks/SystemConfiguration.framework; sourceTree = SDKROOT; };
		0D5DACF61A0E90AF005CE879 /* QuartzCore.framework */ = {isa = PBXFileReference; lastKnownFileType = wrapper.framework; name = QuartzCore.framework; path = System/Library/Frameworks/QuartzCore.framework; sourceTree = SDKROOT; };
		0D5DACF81A0E90C0005CE879 /* libc++.dylib */ = {isa = PBXFileReference; lastKnownFileType = "compiled.mach-o.dylib"; name = "libc++.dylib"; path = "usr/lib/libc++.dylib"; sourceTree = SDKROOT; };
		0D5DACFA1A0E90C9005CE879 /* libz.dylib */ = {isa = PBXFileReference; lastKnownFileType = "compiled.mach-o.dylib"; name = libz.dylib; path = usr/lib/libz.dylib; sourceTree = SDKROOT; };
		0D5DACFC1A0E9244005CE879 /* AuthViewController.h */ = {isa = PBXFileReference; fileEncoding = 4; lastKnownFileType = sourcecode.c.h; path = AuthViewController.h; sourceTree = "<group>"; };
		0D5DACFD1A0E9244005CE879 /* AuthViewController.m */ = {isa = PBXFileReference; fileEncoding = 4; lastKnownFileType = sourcecode.c.objc; path = AuthViewController.m; sourceTree = "<group>"; };
		0D5DACFE1A0E9244005CE879 /* AuthViewController.xib */ = {isa = PBXFileReference; fileEncoding = 4; lastKnownFileType = file.xib; path = AuthViewController.xib; sourceTree = "<group>"; };
		0D7412B71A0EB79600A16970 /* ImageCollectionViewCell.h */ = {isa = PBXFileReference; fileEncoding = 4; lastKnownFileType = sourcecode.c.h; path = ImageCollectionViewCell.h; sourceTree = "<group>"; };
		0D7412B81A0EB79600A16970 /* ImageCollectionViewCell.m */ = {isa = PBXFileReference; fileEncoding = 4; lastKnownFileType = sourcecode.c.objc; path = ImageCollectionViewCell.m; sourceTree = "<group>"; };
		0DE859CB1A0E8F370065868B /* MobiPic.app */ = {isa = PBXFileReference; explicitFileType = wrapper.application; includeInIndex = 0; path = MobiPic.app; sourceTree = BUILT_PRODUCTS_DIR; };
		0DE859CF1A0E8F370065868B /* Info.plist */ = {isa = PBXFileReference; lastKnownFileType = text.plist.xml; path = Info.plist; sourceTree = "<group>"; };
		0DE859D01A0E8F370065868B /* main.m */ = {isa = PBXFileReference; lastKnownFileType = sourcecode.c.objc; path = main.m; sourceTree = "<group>"; };
		0DE859D21A0E8F370065868B /* AppDelegate.h */ = {isa = PBXFileReference; lastKnownFileType = sourcecode.c.h; path = AppDelegate.h; sourceTree = "<group>"; };
		0DE859D31A0E8F370065868B /* AppDelegate.m */ = {isa = PBXFileReference; lastKnownFileType = sourcecode.c.objc; path = AppDelegate.m; sourceTree = "<group>"; };
		0DE859D51A0E8F370065868B /* MainViewController.h */ = {isa = PBXFileReference; lastKnownFileType = sourcecode.c.h; path = MainViewController.h; sourceTree = "<group>"; };
		0DE859D61A0E8F370065868B /* MainViewController.m */ = {isa = PBXFileReference; lastKnownFileType = sourcecode.c.objc; path = MainViewController.m; sourceTree = "<group>"; };
		0DE859D91A0E8F370065868B /* Base */ = {isa = PBXFileReference; lastKnownFileType = file.storyboard; name = Base; path = Base.lproj/Main.storyboard; sourceTree = "<group>"; };
		0DE859DB1A0E8F370065868B /* Images.xcassets */ = {isa = PBXFileReference; lastKnownFileType = folder.assetcatalog; path = Images.xcassets; sourceTree = "<group>"; };
		0DE859DE1A0E8F380065868B /* Base */ = {isa = PBXFileReference; lastKnownFileType = file.xib; name = Base; path = Base.lproj/LaunchScreen.xib; sourceTree = "<group>"; };
		0DE859E41A0E8F380065868B /* MobiPicTests.xctest */ = {isa = PBXFileReference; explicitFileType = wrapper.cfbundle; includeInIndex = 0; path = MobiPicTests.xctest; sourceTree = BUILT_PRODUCTS_DIR; };
		0DE859E91A0E8F380065868B /* Info.plist */ = {isa = PBXFileReference; lastKnownFileType = text.plist.xml; path = Info.plist; sourceTree = "<group>"; };
		0DE859EA1A0E8F380065868B /* MobiPicTests.m */ = {isa = PBXFileReference; lastKnownFileType = sourcecode.c.objc; path = MobiPicTests.m; sourceTree = "<group>"; };
		24AC54B0E196B53F31D87223 /* Pods-MobiPic.debug.xcconfig */ = {isa = PBXFileReference; includeInIndex = 1; lastKnownFileType = text.xcconfig; name = "Pods-MobiPic.debug.xcconfig"; path = "Pods/Target Support Files/Pods-MobiPic/Pods-MobiPic.debug.xcconfig"; sourceTree = "<group>"; };
		6D9016D346C430276C5D8CBC /* Pods-MobiPic.release.xcconfig */ = {isa = PBXFileReference; includeInIndex = 1; lastKnownFileType = text.xcconfig; name = "Pods-MobiPic.release.xcconfig"; path = "Pods/Target Support Files/Pods-MobiPic/Pods-MobiPic.release.xcconfig"; sourceTree = "<group>"; };
		A59F5EFA46335B42EB2D10BB /* libPods-MobiPic.a */ = {isa = PBXFileReference; explicitFileType = archive.ar; includeInIndex = 0; path = "libPods-MobiPic.a"; sourceTree = BUILT_PRODUCTS_DIR; };
/* End PBXFileReference section */

/* Begin PBXFrameworksBuildPhase section */
		0DE859C81A0E8F370065868B /* Frameworks */ = {
			isa = PBXFrameworksBuildPhase;
			buildActionMask = 2147483647;
			files = (
				0D5DACFB1A0E90C9005CE879 /* libz.dylib in Frameworks */,
				0D5DACF91A0E90C0005CE879 /* libc++.dylib in Frameworks */,
				0D5DACF71A0E90AF005CE879 /* QuartzCore.framework in Frameworks */,
				0D5DACF51A0E90A9005CE879 /* SystemConfiguration.framework in Frameworks */,
				0D5DACF31A0E90A2005CE879 /* Security.framework in Frameworks */,
				0D5DACF11A0E909D005CE879 /* CFNetwork.framework in Frameworks */,
				0D5DACEF1A0E9070005CE879 /* Dropbox.framework in Frameworks */,
				A31C32779B84F17535486A22 /* libPods-MobiPic.a in Frameworks */,
			);
			runOnlyForDeploymentPostprocessing = 0;
		};
		0DE859E11A0E8F380065868B /* Frameworks */ = {
			isa = PBXFrameworksBuildPhase;
			buildActionMask = 2147483647;
			files = (
			);
			runOnlyForDeploymentPostprocessing = 0;
		};
/* End PBXFrameworksBuildPhase section */

/* Begin PBXGroup section */
		0D5DACED1A0E9063005CE879 /* Frameworks */ = {
			isa = PBXGroup;
			children = (
				0D5DACFA1A0E90C9005CE879 /* libz.dylib */,
				0D5DACF81A0E90C0005CE879 /* libc++.dylib */,
				0D5DACEE1A0E9070005CE879 /* Dropbox.framework */,
				0D5DACF61A0E90AF005CE879 /* QuartzCore.framework */,
				0D5DACF41A0E90A9005CE879 /* SystemConfiguration.framework */,
				0D5DACF21A0E90A2005CE879 /* Security.framework */,
				0D5DACF01A0E909D005CE879 /* CFNetwork.framework */,
			);
			name = Frameworks;
			sourceTree = "<group>";
		};
		0D5DAD021A0E9B18005CE879 /* Auth */ = {
			isa = PBXGroup;
			children = (
				0D5DACFC1A0E9244005CE879 /* AuthViewController.h */,
				0D5DACFD1A0E9244005CE879 /* AuthViewController.m */,
				0D5DACFE1A0E9244005CE879 /* AuthViewController.xib */,
			);
			name = Auth;
			sourceTree = "<group>";
		};
		0D5DAD031A0E9B1D005CE879 /* Main */ = {
			isa = PBXGroup;
			children = (
				0DE859D51A0E8F370065868B /* MainViewController.h */,
				0DE859D61A0E8F370065868B /* MainViewController.m */,
				0DE859D81A0E8F370065868B /* Main.storyboard */,
				0D7412B71A0EB79600A16970 /* ImageCollectionViewCell.h */,
				0D7412B81A0EB79600A16970 /* ImageCollectionViewCell.m */,
			);
			name = Main;
			sourceTree = "<group>";
		};
		0DE859C21A0E8F370065868B = {
			isa = PBXGroup;
			children = (
				0DE859CD1A0E8F370065868B /* MobiPic */,
				0DE859E71A0E8F380065868B /* MobiPicTests */,
				0DE859CC1A0E8F370065868B /* Products */,
				FDFC37E3693D55F487CD8F07 /* Pods */,
				D5481CA8D0879DE48311E897 /* Frameworks */,
			);
			sourceTree = "<group>";
		};
		0DE859CC1A0E8F370065868B /* Products */ = {
			isa = PBXGroup;
			children = (
				0DE859CB1A0E8F370065868B /* MobiPic.app */,
				0DE859E41A0E8F380065868B /* MobiPicTests.xctest */,
			);
			name = Products;
			sourceTree = "<group>";
		};
		0DE859CD1A0E8F370065868B /* MobiPic */ = {
			isa = PBXGroup;
			children = (
				0DE859D21A0E8F370065868B /* AppDelegate.h */,
				0DE859D31A0E8F370065868B /* AppDelegate.m */,
				0D5DAD021A0E9B18005CE879 /* Auth */,
				0D5DAD031A0E9B1D005CE879 /* Main */,
				0DE859DB1A0E8F370065868B /* Images.xcassets */,
				0DE859DD1A0E8F380065868B /* LaunchScreen.xib */,
				0D5DACED1A0E9063005CE879 /* Frameworks */,
				0DE859CE1A0E8F370065868B /* Supporting Files */,
			);
			path = MobiPic;
			sourceTree = "<group>";
		};
		0DE859CE1A0E8F370065868B /* Supporting Files */ = {
			isa = PBXGroup;
			children = (
				0DE859CF1A0E8F370065868B /* Info.plist */,
				0DE859D01A0E8F370065868B /* main.m */,
			);
			name = "Supporting Files";
			sourceTree = "<group>";
		};
		0DE859E71A0E8F380065868B /* MobiPicTests */ = {
			isa = PBXGroup;
			children = (
				0DE859EA1A0E8F380065868B /* MobiPicTests.m */,
				0DE859E81A0E8F380065868B /* Supporting Files */,
			);
			path = MobiPicTests;
			sourceTree = "<group>";
		};
		0DE859E81A0E8F380065868B /* Supporting Files */ = {
			isa = PBXGroup;
			children = (
				0DE859E91A0E8F380065868B /* Info.plist */,
			);
			name = "Supporting Files";
			sourceTree = "<group>";
		};
		D5481CA8D0879DE48311E897 /* Frameworks */ = {
			isa = PBXGroup;
			children = (
				A59F5EFA46335B42EB2D10BB /* libPods-MobiPic.a */,
			);
			name = Frameworks;
			sourceTree = "<group>";
		};
		FDFC37E3693D55F487CD8F07 /* Pods */ = {
			isa = PBXGroup;
			children = (
				24AC54B0E196B53F31D87223 /* Pods-MobiPic.debug.xcconfig */,
				6D9016D346C430276C5D8CBC /* Pods-MobiPic.release.xcconfig */,
			);
			name = Pods;
			sourceTree = "<group>";
		};
/* End PBXGroup section */

/* Begin PBXNativeTarget section */
		0DE859CA1A0E8F370065868B /* MobiPic */ = {
			isa = PBXNativeTarget;
			buildConfigurationList = 0DE859EE1A0E8F380065868B /* Build configuration list for PBXNativeTarget "MobiPic" */;
			buildPhases = (
				7CFAE1BFE744CEC029AE38D6 /* Check Pods Manifest.lock */,
				0DE859C71A0E8F370065868B /* Sources */,
				0DE859C81A0E8F370065868B /* Frameworks */,
				0DE859C91A0E8F370065868B /* Resources */,
				8F64170DB35D173DC2E7AC20 /* Copy Pods Resources */,
			);
			buildRules = (
			);
			dependencies = (
			);
			name = MobiPic;
			productName = MobiPic;
			productReference = 0DE859CB1A0E8F370065868B /* MobiPic.app */;
			productType = "com.apple.product-type.application";
		};
		0DE859E31A0E8F380065868B /* MobiPicTests */ = {
			isa = PBXNativeTarget;
			buildConfigurationList = 0DE859F11A0E8F380065868B /* Build configuration list for PBXNativeTarget "MobiPicTests" */;
			buildPhases = (
				0DE859E01A0E8F380065868B /* Sources */,
				0DE859E11A0E8F380065868B /* Frameworks */,
				0DE859E21A0E8F380065868B /* Resources */,
			);
			buildRules = (
			);
			dependencies = (
				0DE859E61A0E8F380065868B /* PBXTargetDependency */,
			);
			name = MobiPicTests;
			productName = MobiPicTests;
			productReference = 0DE859E41A0E8F380065868B /* MobiPicTests.xctest */;
			productType = "com.apple.product-type.bundle.unit-test";
		};
/* End PBXNativeTarget section */

/* Begin PBXProject section */
		0DE859C31A0E8F370065868B /* Project object */ = {
			isa = PBXProject;
			attributes = {
				LastUpgradeCheck = 0610;
				ORGANIZATIONNAME = "Alvarez Productions";
				TargetAttributes = {
					0DE859CA1A0E8F370065868B = {
						CreatedOnToolsVersion = 6.1;
					};
					0DE859E31A0E8F380065868B = {
						CreatedOnToolsVersion = 6.1;
						TestTargetID = 0DE859CA1A0E8F370065868B;
					};
				};
			};
			buildConfigurationList = 0DE859C61A0E8F370065868B /* Build configuration list for PBXProject "MobiPic" */;
			compatibilityVersion = "Xcode 3.2";
			developmentRegion = English;
			hasScannedForEncodings = 0;
			knownRegions = (
				en,
				Base,
			);
			mainGroup = 0DE859C21A0E8F370065868B;
			productRefGroup = 0DE859CC1A0E8F370065868B /* Products */;
			projectDirPath = "";
			projectRoot = "";
			targets = (
				0DE859CA1A0E8F370065868B /* MobiPic */,
				0DE859E31A0E8F380065868B /* MobiPicTests */,
			);
		};
/* End PBXProject section */

/* Begin PBXResourcesBuildPhase section */
		0DE859C91A0E8F370065868B /* Resources */ = {
			isa = PBXResourcesBuildPhase;
			buildActionMask = 2147483647;
			files = (
				0D5DAD001A0E9244005CE879 /* AuthViewController.xib in Resources */,
				0DE859DA1A0E8F370065868B /* Main.storyboard in Resources */,
				0DE859DF1A0E8F380065868B /* LaunchScreen.xib in Resources */,
				0DE859DC1A0E8F370065868B /* Images.xcassets in Resources */,
			);
			runOnlyForDeploymentPostprocessing = 0;
		};
		0DE859E21A0E8F380065868B /* Resources */ = {
			isa = PBXResourcesBuildPhase;
			buildActionMask = 2147483647;
			files = (
			);
			runOnlyForDeploymentPostprocessing = 0;
		};
/* End PBXResourcesBuildPhase section */

/* Begin PBXShellScriptBuildPhase section */
		7CFAE1BFE744CEC029AE38D6 /* Check Pods Manifest.lock */ = {
			isa = PBXShellScriptBuildPhase;
			buildActionMask = 2147483647;
			files = (
			);
			inputPaths = (
			);
			name = "Check Pods Manifest.lock";
			outputPaths = (
			);
			runOnlyForDeploymentPostprocessing = 0;
			shellPath = /bin/sh;
			shellScript = "diff \"${PODS_ROOT}/../Podfile.lock\" \"${PODS_ROOT}/Manifest.lock\" > /dev/null\nif [[ $? != 0 ]] ; then\n    cat << EOM\nerror: The sandbox is not in sync with the Podfile.lock. Run 'pod install' or update your CocoaPods installation.\nEOM\n    exit 1\nfi\n";
			showEnvVarsInLog = 0;
		};
		8F64170DB35D173DC2E7AC20 /* Copy Pods Resources */ = {
			isa = PBXShellScriptBuildPhase;
			buildActionMask = 2147483647;
			files = (
			);
			inputPaths = (
			);
			name = "Copy Pods Resources";
			outputPaths = (
			);
			runOnlyForDeploymentPostprocessing = 0;
			shellPath = /bin/sh;
			shellScript = "\"${SRCROOT}/Pods/Target Support Files/Pods-MobiPic/Pods-MobiPic-resources.sh\"\n";
			showEnvVarsInLog = 0;
		};
/* End PBXShellScriptBuildPhase section */

/* Begin PBXSourcesBuildPhase section */
		0DE859C71A0E8F370065868B /* Sources */ = {
			isa = PBXSourcesBuildPhase;
			buildActionMask = 2147483647;
			files = (
				0D5DACFF1A0E9244005CE879 /* AuthViewController.m in Sources */,
				0DE859D71A0E8F370065868B /* MainViewController.m in Sources */,
				0D7412B91A0EB79600A16970 /* ImageCollectionViewCell.m in Sources */,
				0DE859D41A0E8F370065868B /* AppDelegate.m in Sources */,
				0DE859D11A0E8F370065868B /* main.m in Sources */,
			);
			runOnlyForDeploymentPostprocessing = 0;
		};
		0DE859E01A0E8F380065868B /* Sources */ = {
			isa = PBXSourcesBuildPhase;
			buildActionMask = 2147483647;
			files = (
				0DE859EB1A0E8F380065868B /* MobiPicTests.m in Sources */,
			);
			runOnlyForDeploymentPostprocessing = 0;
		};
/* End PBXSourcesBuildPhase section */

/* Begin PBXTargetDependency section */
		0DE859E61A0E8F380065868B /* PBXTargetDependency */ = {
			isa = PBXTargetDependency;
			target = 0DE859CA1A0E8F370065868B /* MobiPic */;
			targetProxy = 0DE859E51A0E8F380065868B /* PBXContainerItemProxy */;
		};
/* End PBXTargetDependency section */

/* Begin PBXVariantGroup section */
		0DE859D81A0E8F370065868B /* Main.storyboard */ = {
			isa = PBXVariantGroup;
			children = (
				0DE859D91A0E8F370065868B /* Base */,
			);
			name = Main.storyboard;
			sourceTree = "<group>";
		};
		0DE859DD1A0E8F380065868B /* LaunchScreen.xib */ = {
			isa = PBXVariantGroup;
			children = (
				0DE859DE1A0E8F380065868B /* Base */,
			);
			name = LaunchScreen.xib;
			sourceTree = "<group>";
		};
/* End PBXVariantGroup section */

/* Begin XCBuildConfiguration section */
		0DE859EC1A0E8F380065868B /* Debug */ = {
			isa = XCBuildConfiguration;
			buildSettings = {
				ALWAYS_SEARCH_USER_PATHS = NO;
				CLANG_CXX_LANGUAGE_STANDARD = "gnu++0x";
				CLANG_CXX_LIBRARY = "libc++";
				CLANG_ENABLE_MODULES = YES;
				CLANG_ENABLE_OBJC_ARC = YES;
				CLANG_WARN_BOOL_CONVERSION = YES;
				CLANG_WARN_CONSTANT_CONVERSION = YES;
				CLANG_WARN_DIRECT_OBJC_ISA_USAGE = YES_ERROR;
				CLANG_WARN_EMPTY_BODY = YES;
				CLANG_WARN_ENUM_CONVERSION = YES;
				CLANG_WARN_INT_CONVERSION = YES;
				CLANG_WARN_OBJC_ROOT_CLASS = YES_ERROR;
				CLANG_WARN_UNREACHABLE_CODE = YES;
				CLANG_WARN__DUPLICATE_METHOD_MATCH = YES;
				"CODE_SIGN_IDENTITY[sdk=iphoneos*]" = "iPhone Developer";
				COPY_PHASE_STRIP = NO;
				ENABLE_STRICT_OBJC_MSGSEND = YES;
				GCC_C_LANGUAGE_STANDARD = gnu99;
				GCC_DYNAMIC_NO_PIC = NO;
				GCC_OPTIMIZATION_LEVEL = 0;
				GCC_PREPROCESSOR_DEFINITIONS = (
					"DEBUG=1",
					"$(inherited)",
				);
				GCC_SYMBOLS_PRIVATE_EXTERN = NO;
				GCC_WARN_64_TO_32_BIT_CONVERSION = YES;
				GCC_WARN_ABOUT_RETURN_TYPE = YES_ERROR;
				GCC_WARN_UNDECLARED_SELECTOR = YES;
				GCC_WARN_UNINITIALIZED_AUTOS = YES_AGGRESSIVE;
				GCC_WARN_UNUSED_FUNCTION = YES;
				GCC_WARN_UNUSED_VARIABLE = YES;
				IPHONEOS_DEPLOYMENT_TARGET = 8.1;
				MTL_ENABLE_DEBUG_INFO = YES;
				ONLY_ACTIVE_ARCH = YES;
				SDKROOT = iphoneos;
			};
			name = Debug;
		};
		0DE859ED1A0E8F380065868B /* Release */ = {
			isa = XCBuildConfiguration;
			buildSettings = {
				ALWAYS_SEARCH_USER_PATHS = NO;
				CLANG_CXX_LANGUAGE_STANDARD = "gnu++0x";
				CLANG_CXX_LIBRARY = "libc++";
				CLANG_ENABLE_MODULES = YES;
				CLANG_ENABLE_OBJC_ARC = YES;
				CLANG_WARN_BOOL_CONVERSION = YES;
				CLANG_WARN_CONSTANT_CONVERSION = YES;
				CLANG_WARN_DIRECT_OBJC_ISA_USAGE = YES_ERROR;
				CLANG_WARN_EMPTY_BODY = YES;
				CLANG_WARN_ENUM_CONVERSION = YES;
				CLANG_WARN_INT_CONVERSION = YES;
				CLANG_WARN_OBJC_ROOT_CLASS = YES_ERROR;
				CLANG_WARN_UNREACHABLE_CODE = YES;
				CLANG_WARN__DUPLICATE_METHOD_MATCH = YES;
				"CODE_SIGN_IDENTITY[sdk=iphoneos*]" = "iPhone Developer";
				COPY_PHASE_STRIP = YES;
				ENABLE_NS_ASSERTIONS = NO;
				ENABLE_STRICT_OBJC_MSGSEND = YES;
				GCC_C_LANGUAGE_STANDARD = gnu99;
				GCC_WARN_64_TO_32_BIT_CONVERSION = YES;
				GCC_WARN_ABOUT_RETURN_TYPE = YES_ERROR;
				GCC_WARN_UNDECLARED_SELECTOR = YES;
				GCC_WARN_UNINITIALIZED_AUTOS = YES_AGGRESSIVE;
				GCC_WARN_UNUSED_FUNCTION = YES;
				GCC_WARN_UNUSED_VARIABLE = YES;
				IPHONEOS_DEPLOYMENT_TARGET = 8.1;
				MTL_ENABLE_DEBUG_INFO = NO;
				SDKROOT = iphoneos;
				VALIDATE_PRODUCT = YES;
			};
			name = Release;
		};
		0DE859EF1A0E8F380065868B /* Debug */ = {
			isa = XCBuildConfiguration;
			baseConfigurationReference = 24AC54B0E196B53F31D87223 /* Pods-MobiPic.debug.xcconfig */;
			buildSettings = {
				ASSETCATALOG_COMPILER_APPICON_NAME = AppIcon;
				FRAMEWORK_SEARCH_PATHS = (
					"$(inherited)",
					"$(PROJECT_DIR)/MobiPic",
				);
				GCC_PREFIX_HEADER = "";
				INFOPLIST_FILE = MobiPic/Info.plist;
				LD_RUNPATH_SEARCH_PATHS = "$(inherited) @executable_path/Frameworks";
				PRODUCT_NAME = "$(TARGET_NAME)";
			};
			name = Debug;
		};
		0DE859F01A0E8F380065868B /* Release */ = {
			isa = XCBuildConfiguration;
			baseConfigurationReference = 6D9016D346C430276C5D8CBC /* Pods-MobiPic.release.xcconfig */;
			buildSettings = {
				ASSETCATALOG_COMPILER_APPICON_NAME = AppIcon;
				FRAMEWORK_SEARCH_PATHS = (
					"$(inherited)",
					"$(PROJECT_DIR)/MobiPic",
				);
				GCC_PREFIX_HEADER = "";
				INFOPLIST_FILE = MobiPic/Info.plist;
				LD_RUNPATH_SEARCH_PATHS = "$(inherited) @executable_path/Frameworks";
				PRODUCT_NAME = "$(TARGET_NAME)";
			};
			name = Release;
		};
		0DE859F21A0E8F380065868B /* Debug */ = {
			isa = XCBuildConfiguration;
			buildSettings = {
				BUNDLE_LOADER = "$(TEST_HOST)";
				FRAMEWORK_SEARCH_PATHS = (
					"$(SDKROOT)/Developer/Library/Frameworks",
					"$(inherited)",
				);
				GCC_PREPROCESSOR_DEFINITIONS = (
					"DEBUG=1",
					"$(inherited)",
				);
				INFOPLIST_FILE = MobiPicTests/Info.plist;
				LD_RUNPATH_SEARCH_PATHS = "$(inherited) @executable_path/Frameworks @loader_path/Frameworks";
				PRODUCT_NAME = "$(TARGET_NAME)";
				TEST_HOST = "$(BUILT_PRODUCTS_DIR)/MobiPic.app/MobiPic";
			};
			name = Debug;
		};
		0DE859F31A0E8F380065868B /* Release */ = {
			isa = XCBuildConfiguration;
			buildSettings = {
				BUNDLE_LOADER = "$(TEST_HOST)";
				FRAMEWORK_SEARCH_PATHS = (
					"$(SDKROOT)/Developer/Library/Frameworks",
					"$(inherited)",
				);
				INFOPLIST_FILE = MobiPicTests/Info.plist;
				LD_RUNPATH_SEARCH_PATHS = "$(inherited) @executable_path/Frameworks @loader_path/Frameworks";
				PRODUCT_NAME = "$(TARGET_NAME)";
				TEST_HOST = "$(BUILT_PRODUCTS_DIR)/MobiPic.app/MobiPic";
			};
			name = Release;
		};
/* End XCBuildConfiguration section */

/* Begin XCConfigurationList section */
		0DE859C61A0E8F370065868B /* Build configuration list for PBXProject "MobiPic" */ = {
			isa = XCConfigurationList;
			buildConfigurations = (
				0DE859EC1A0E8F380065868B /* Debug */,
				0DE859ED1A0E8F380065868B /* Release */,
			);
			defaultConfigurationIsVisible = 0;
			defaultConfigurationName = Release;
		};
		0DE859EE1A0E8F380065868B /* Build configuration list for PBXNativeTarget "MobiPic" */ = {
			isa = XCConfigurationList;
			buildConfigurations = (
				0DE859EF1A0E8F380065868B /* Debug */,
				0DE859F01A0E8F380065868B /* Release */,
			);
			defaultConfigurationIsVisible = 0;
			defaultConfigurationName = Release;
		};
		0DE859F11A0E8F380065868B /* Build configuration list for PBXNativeTarget "MobiPicTests" */ = {
			isa = XCConfigurationList;
			buildConfigurations = (
				0DE859F21A0E8F380065868B /* Debug */,
				0DE859F31A0E8F380065868B /* Release */,
			);
			defaultConfigurationIsVisible = 0;
			defaultConfigurationName = Release;
		};
/* End XCConfigurationList section */
	};
	rootObject = 0DE859C31A0E8F370065868B /* Project object */;
}
